<?xml version="1.0" encoding="utf-8"?>
<Project ToolsVersion="4.0" xmlns="http://schemas.microsoft.com/developer/msbuild/2003">
  <ItemGroup>
    <Filter Include="Fichiers sources">
      <UniqueIdentifier>{4FC737F1-C7A5-4376-A066-2A32D752A2FF}</UniqueIdentifier>
      <Extensions>cpp;c;cc;cxx;c++;cppm;ixx;def;odl;idl;hpj;bat;asm;asmx</Extensions>
    </Filter>
    <Filter Include="Fichiers d%27en-tête">
      <UniqueIdentifier>{93995380-89BD-4b04-88EB-625FBE52EBFB}</UniqueIdentifier>
      <Extensions>h;hh;hpp;hxx;h++;hm;inl;inc;ipp;xsd</Extensions>
    </Filter>
    <Filter Include="Fichiers de ressources">
      <UniqueIdentifier>{67DA6AB6-F800-4c08-8B7A-83BB121AAD01}</UniqueIdentifier>
      <Extensions>rc;ico;cur;bmp;dlg;rc2;rct;bin;rgs;gif;jpg;jpeg;jpe;resx;tiff;tif;png;wav;mfcribbon-ms</Extensions>
    </Filter>
    <Filter Include="Fichiers d%27en-tête\Graphics">
      <UniqueIdentifier>{3686eb22-f990-4d39-9e3d-22cb048f5d70}</UniqueIdentifier>
    </Filter>
    <Filter Include="Fichiers d%27en-tête\Core">
      <UniqueIdentifier>{a8aa79d1-86f1-44e8-af7d-a6e066b7b0ab}</UniqueIdentifier>
    </Filter>
    <Filter Include="Fichiers d%27en-tête\Bus">
      <UniqueIdentifier>{10a3e525-6a2c-402d-9df2-466fd9190e89}</UniqueIdentifier>
    </Filter>
    <Filter Include="Fichiers d%27en-tête\Utils">
      <UniqueIdentifier>{7cc57d9f-8787-431d-aeda-ae8d057f3974}</UniqueIdentifier>
    </Filter>
    <Filter Include="Fichiers sources\Graphics">
      <UniqueIdentifier>{7f76f7ca-4685-428d-8809-a4b5ef16fb8c}</UniqueIdentifier>
    </Filter>
    <Filter Include="Fichiers sources\Core">
      <UniqueIdentifier>{558139f9-cc8c-4bf4-b0ea-9688058f19f4}</UniqueIdentifier>
    </Filter>
    <Filter Include="Fichiers sources\Bus">
      <UniqueIdentifier>{dae55f9d-979b-483b-9ed2-f4f205c4fe18}</UniqueIdentifier>
    </Filter>
  </ItemGroup>
  <ItemGroup>
    <ClCompile Include="6052.cpp">
      <Filter>Fichiers sources</Filter>
    </ClCompile>
    <ClCompile Include="Color.cpp">
      <Filter>Fichiers sources\Graphics</Filter>
    </ClCompile>
    <ClCompile Include="Renderer.cpp">
      <Filter>Fichiers sources\Graphics</Filter>
    </ClCompile>
    <ClCompile Include="Bus.cpp">
      <Filter>Fichiers sources\Bus</Filter>
    </ClCompile>
    <ClCompile Include="OpCodes.cpp">
      <Filter>Fichiers sources\Core</Filter>
    </ClCompile>
    <ClCompile Include="CPU.cpp">
      <Filter>Fichiers sources\Core</Filter>
    </ClCompile>
  </ItemGroup>
  <ItemGroup>
    <ClInclude Include="Color.hpp">
      <Filter>Fichiers d%27en-tête\Graphics</Filter>
    </ClInclude>
    <ClInclude Include="Renderer.hpp">
      <Filter>Fichiers d%27en-tête\Graphics</Filter>
    </ClInclude>
    <ClInclude Include="CPU.hpp">
      <Filter>Fichiers d%27en-tête\Core</Filter>
    </ClInclude>
    <ClInclude Include="OpCodes.hpp">
      <Filter>Fichiers d%27en-tête\Core</Filter>
    </ClInclude>
    <ClInclude Include="locale_initializer.hpp">
      <Filter>Fichiers d%27en-tête\Utils</Filter>
    </ClInclude>
    <ClInclude Include="Bus.hpp">
      <Filter>Fichiers d%27en-tête\Bus</Filter>
    </ClInclude>
  </ItemGroup>
</Project>